
Microsoft Visual Studio Solution File, Format Version 12.00
# Visual Studio Version 17
VisualStudioVersion = 17.3.32825.248
MinimumVisualStudioVersion = 10.0.40219.1
Project("{FAE04EC0-301F-11D3-BF4B-00C04F79EFBC}") = "Project 1", "Project 1\Project 1.csproj", "{C95D8999-BDD5-4831-8970-7A8D69A1978E}"
EndProject
Global
	GlobalSection(SolutionConfigurationPlatforms) = preSolution
		Debug|Any CPU = Debug|Any CPU
		Release|Any CPU = Release|Any CPU
	EndGlobalSection
	GlobalSection(ProjectConfigurationPlatforms) = postSolution
		{C95D8999-BDD5-4831-8970-7A8D69A1978E}.Debug|Any CPU.ActiveCfg = Debug|Any CPU
		{C95D8999-BDD5-4831-8970-7A8D69A1978E}.Debug|Any CPU.Build.0 = Debug|Any CPU
		{C95D8999-BDD5-4831-8970-7A8D69A1978E}.Release|Any CPU.ActiveCfg = Release|Any CPU
		{C95D8999-BDD5-4831-8970-7A8D69A1978E}.Release|Any CPU.Build.0 = Release|Any CPU
	EndGlobalSection
	GlobalSection(SolutionProperties) = preSolution
		HideSolutionNode = FALSE
	EndGlobalSection
	GlobalSection(ExtensibilityGlobals) = postSolution
		SolutionGuid = {786D0DF0-4CF5-4FE6-88E3-3622F972CE1C}
	EndGlobalSection
EndGlobal
